
Microsoft Visual Studio Solution File, Format Version 12.00
# Visual Studio Version 17
VisualStudioVersion = 17.0.31903.59
MinimumVisualStudioVersion = 10.0.40219.1
Project("{FAE04EC0-301F-11D3-BF4B-00C04F79EFBC}") = "Untangle", "Untangle\Untangle.csproj", "{25997489-E2AE-4D3D-91CF-0B68562BAD76}"
EndProject
Project("{FAE04EC0-301F-11D3-BF4B-00C04F79EFBC}") = "Untangle.Tests", "Untangle.Tests\Untangle.Tests.csproj", "{48CD16E3-C474-4D2A-8F06-F26C19338D21}"
EndProject
Global
	GlobalSection(SolutionConfigurationPlatforms) = preSolution
		Debug|Any CPU = Debug|Any CPU
		Release|Any CPU = Release|Any CPU
	EndGlobalSection
	GlobalSection(SolutionProperties) = preSolution
		HideSolutionNode = FALSE
	EndGlobalSection
	GlobalSection(ProjectConfigurationPlatforms) = postSolution
		{25997489-E2AE-4D3D-91CF-0B68562BAD76}.Debug|Any CPU.ActiveCfg = Debug|Any CPU
		{25997489-E2AE-4D3D-91CF-0B68562BAD76}.Debug|Any CPU.Build.0 = Debug|Any CPU
		{25997489-E2AE-4D3D-91CF-0B68562BAD76}.Release|Any CPU.ActiveCfg = Release|Any CPU
		{25997489-E2AE-4D3D-91CF-0B68562BAD76}.Release|Any CPU.Build.0 = Release|Any CPU
		{48CD16E3-C474-4D2A-8F06-F26C19338D21}.Debug|Any CPU.ActiveCfg = Debug|Any CPU
		{48CD16E3-C474-4D2A-8F06-F26C19338D21}.Debug|Any CPU.Build.0 = Debug|Any CPU
		{48CD16E3-C474-4D2A-8F06-F26C19338D21}.Release|Any CPU.ActiveCfg = Release|Any CPU
		{48CD16E3-C474-4D2A-8F06-F26C19338D21}.Release|Any CPU.Build.0 = Release|Any CPU
	EndGlobalSection
EndGlobal
